{
    "_meta": {
        "hash": {
            "sha256": "43ac28c2e4cce1e07755cada1688952d28b0a8fd0dd1f147e2b4c04356d59f98"
        },
        "pipfile-spec": 6,
        "requires": {
            "python_version": "3.8"
        },
        "sources": [
            {
                "name": "pypi",
                "url": "https://pypi.org/simple",
                "verify_ssl": true
            }
        ]
    },
    "default": {
        "pmagpy": {
            "hashes": [
                "sha256:4d282bdcc5ed1075031be83236a6d3635c90e94170f5f29ea6756e2fbae660cc",
                "sha256:ff8fc3a03d1a17dd8281d1fd7817b47a66646609d2c5e2a9553a010d5dd7753d"
            ],
            "index": "pypi",
            "version": "==4.2.78"
        }
    },
    "develop": {}
}
